// !$*UTF8*$!
{
	archiveVersion = 1;
	classes = {
	};
	objectVersion = 56;
	objects = {

/* Begin PBXBuildFile section */
		B2048954297355D400807D04 /* AppDelegate.swift in Sources */ = {isa = PBXBuildFile; fileRef = B2048953297355D400807D04 /* AppDelegate.swift */; };
		B2048956297355D400807D04 /* SceneDelegate.swift in Sources */ = {isa = PBXBuildFile; fileRef = B2048955297355D400807D04 /* SceneDelegate.swift */; };
		B2048958297355D400807D04 /* ViewController.swift in Sources */ = {isa = PBXBuildFile; fileRef = B2048957297355D400807D04 /* ViewController.swift */; };
		B204895B297355D400807D04 /* Main.storyboard in Resources */ = {isa = PBXBuildFile; fileRef = B2048959297355D400807D04 /* Main.storyboard */; };
		B204895D297355D500807D04 /* Assets.xcassets in Resources */ = {isa = PBXBuildFile; fileRef = B204895C297355D500807D04 /* Assets.xcassets */; };
		B2048960297355D500807D04 /* LaunchScreen.storyboard in Resources */ = {isa = PBXBuildFile; fileRef = B204895E297355D500807D04 /* LaunchScreen.storyboard */; };
		B204896B297355D500807D04 /* RiskStoryBoardTests.swift in Sources */ = {isa = PBXBuildFile; fileRef = B204896A297355D500807D04 /* RiskStoryBoardTests.swift */; };
		B2048975297355D500807D04 /* RiskStoryBoardUITests.swift in Sources */ = {isa = PBXBuildFile; fileRef = B2048974297355D500807D04 /* RiskStoryBoardUITests.swift */; };
		B2048977297355D500807D04 /* RiskStoryBoardUITestsLaunchTests.swift in Sources */ = {isa = PBXBuildFile; fileRef = B2048976297355D500807D04 /* RiskStoryBoardUITestsLaunchTests.swift */; };
/* End PBXBuildFile section */

/* Begin PBXContainerItemProxy section */
		B2048967297355D500807D04 /* PBXContainerItemProxy */ = {
			isa = PBXContainerItemProxy;
			containerPortal = B2048948297355D400807D04 /* Project object */;
			proxyType = 1;
			remoteGlobalIDString = B204894F297355D400807D04;
			remoteInfo = RiskStoryBoard;
		};
		B2048971297355D500807D04 /* PBXContainerItemProxy */ = {
			isa = PBXContainerItemProxy;
			containerPortal = B2048948297355D400807D04 /* Project object */;
			proxyType = 1;
			remoteGlobalIDString = B204894F297355D400807D04;
			remoteInfo = RiskStoryBoard;
		};
/* End PBXContainerItemProxy section */

/* Begin PBXFileReference section */
		B2048950297355D400807D04 /* RiskStoryBoard.app */ = {isa = PBXFileReference; explicitFileType = wrapper.application; includeInIndex = 0; path = RiskStoryBoard.app; sourceTree = BUILT_PRODUCTS_DIR; };
		B2048953297355D400807D04 /* AppDelegate.swift */ = {isa = PBXFileReference; lastKnownFileType = sourcecode.swift; path = AppDelegate.swift; sourceTree = "<group>"; };
		B2048955297355D400807D04 /* SceneDelegate.swift */ = {isa = PBXFileReference; lastKnownFileType = sourcecode.swift; path = SceneDelegate.swift; sourceTree = "<group>"; };
		B2048957297355D400807D04 /* ViewController.swift */ = {isa = PBXFileReference; lastKnownFileType = sourcecode.swift; path = ViewController.swift; sourceTree = "<group>"; };
		B204895A297355D400807D04 /* Base */ = {isa = PBXFileReference; lastKnownFileType = file.storyboard; name = Base; path = Base.lproj/Main.storyboard; sourceTree = "<group>"; };
		B204895C297355D500807D04 /* Assets.xcassets */ = {isa = PBXFileReference; lastKnownFileType = folder.assetcatalog; path = Assets.xcassets; sourceTree = "<group>"; };
		B204895F297355D500807D04 /* Base */ = {isa = PBXFileReference; lastKnownFileType = file.storyboard; name = Base; path = Base.lproj/LaunchScreen.storyboard; sourceTree = "<group>"; };
		B2048961297355D500807D04 /* Info.plist */ = {isa = PBXFileReference; lastKnownFileType = text.plist.xml; path = Info.plist; sourceTree = "<group>"; };
		B2048966297355D500807D04 /* RiskStoryBoardTests.xctest */ = {isa = PBXFileReference; explicitFileType = wrapper.cfbundle; includeInIndex = 0; path = RiskStoryBoardTests.xctest; sourceTree = BUILT_PRODUCTS_DIR; };
		B204896A297355D500807D04 /* RiskStoryBoardTests.swift */ = {isa = PBXFileReference; lastKnownFileType = sourcecode.swift; path = RiskStoryBoardTests.swift; sourceTree = "<group>"; };
		B2048970297355D500807D04 /* RiskStoryBoardUITests.xctest */ = {isa = PBXFileReference; explicitFileType = wrapper.cfbundle; includeInIndex = 0; path = RiskStoryBoardUITests.xctest; sourceTree = BUILT_PRODUCTS_DIR; };
		B2048974297355D500807D04 /* RiskStoryBoardUITests.swift */ = {isa = PBXFileReference; lastKnownFileType = sourcecode.swift; path = RiskStoryBoardUITests.swift; sourceTree = "<group>"; };
		B2048976297355D500807D04 /* RiskStoryBoardUITestsLaunchTests.swift */ = {isa = PBXFileReference; lastKnownFileType = sourcecode.swift; path = RiskStoryBoardUITestsLaunchTests.swift; sourceTree = "<group>"; };
/* End PBXFileReference section */

/* Begin PBXFrameworksBuildPhase section */
		B204894D297355D400807D04 /* Frameworks */ = {
			isa = PBXFrameworksBuildPhase;
			buildActionMask = 2147483647;
			files = (
			);
			runOnlyForDeploymentPostprocessing = 0;
		};
		B2048963297355D500807D04 /* Frameworks */ = {
			isa = PBXFrameworksBuildPhase;
			buildActionMask = 2147483647;
			files = (
			);
			runOnlyForDeploymentPostprocessing = 0;
		};
		B204896D297355D500807D04 /* Frameworks */ = {
			isa = PBXFrameworksBuildPhase;
			buildActionMask = 2147483647;
			files = (
			);
			runOnlyForDeploymentPostprocessing = 0;
		};
/* End PBXFrameworksBuildPhase section */

/* Begin PBXGroup section */
		B2048947297355D400807D04 = {
			isa = PBXGroup;
			children = (
				B2048952297355D400807D04 /* RiskStoryBoard */,
				B2048969297355D500807D04 /* RiskStoryBoardTests */,
				B2048973297355D500807D04 /* RiskStoryBoardUITests */,
				B2048951297355D400807D04 /* Products */,
			);
			sourceTree = "<group>";
		};
		B2048951297355D400807D04 /* Products */ = {
			isa = PBXGroup;
			children = (
				B2048950297355D400807D04 /* RiskStoryBoard.app */,
				B2048966297355D500807D04 /* RiskStoryBoardTests.xctest */,
				B2048970297355D500807D04 /* RiskStoryBoardUITests.xctest */,
			);
			name = Products;
			sourceTree = "<group>";
		};
		B2048952297355D400807D04 /* RiskStoryBoard */ = {
			isa = PBXGroup;
			children = (
				B2048953297355D400807D04 /* AppDelegate.swift */,
				B2048955297355D400807D04 /* SceneDelegate.swift */,
				B2048957297355D400807D04 /* ViewController.swift */,
				B2048959297355D400807D04 /* Main.storyboard */,
				B204895C297355D500807D04 /* Assets.xcassets */,
				B204895E297355D500807D04 /* LaunchScreen.storyboard */,
				B2048961297355D500807D04 /* Info.plist */,
			);
			path = RiskStoryBoard;
			sourceTree = "<group>";
		};
		B2048969297355D500807D04 /* RiskStoryBoardTests */ = {
			isa = PBXGroup;
			children = (
				B204896A297355D500807D04 /* RiskStoryBoardTests.swift */,
			);
			path = RiskStoryBoardTests;
			sourceTree = "<group>";
		};
		B2048973297355D500807D04 /* RiskStoryBoardUITests */ = {
			isa = PBXGroup;
			children = (
				B2048974297355D500807D04 /* RiskStoryBoardUITests.swift */,
				B2048976297355D500807D04 /* RiskStoryBoardUITestsLaunchTests.swift */,
			);
			path = RiskStoryBoardUITests;
			sourceTree = "<group>";
		};
/* End PBXGroup section */

/* Begin PBXNativeTarget section */
		B204894F297355D400807D04 /* RiskStoryBoard */ = {
			isa = PBXNativeTarget;
			buildConfigurationList = B204897A297355D500807D04 /* Build configuration list for PBXNativeTarget "RiskStoryBoard" */;
			buildPhases = (
				B204894C297355D400807D04 /* Sources */,
				B204894D297355D400807D04 /* Frameworks */,
				B204894E297355D400807D04 /* Resources */,
			);
			buildRules = (
			);
			dependencies = (
			);
			name = RiskStoryBoard;
			productName = RiskStoryBoard;
			productReference = B2048950297355D400807D04 /* RiskStoryBoard.app */;
			productType = "com.apple.product-type.application";
		};
		B2048965297355D500807D04 /* RiskStoryBoardTests */ = {
			isa = PBXNativeTarget;
			buildConfigurationList = B204897D297355D500807D04 /* Build configuration list for PBXNativeTarget "RiskStoryBoardTests" */;
			buildPhases = (
				B2048962297355D500807D04 /* Sources */,
				B2048963297355D500807D04 /* Frameworks */,
				B2048964297355D500807D04 /* Resources */,
			);
			buildRules = (
			);
			dependencies = (
				B2048968297355D500807D04 /* PBXTargetDependency */,
			);
			name = RiskStoryBoardTests;
			productName = RiskStoryBoardTests;
			productReference = B2048966297355D500807D04 /* RiskStoryBoardTests.xctest */;
			productType = "com.apple.product-type.bundle.unit-test";
		};
		B204896F297355D500807D04 /* RiskStoryBoardUITests */ = {
			isa = PBXNativeTarget;
			buildConfigurationList = B2048980297355D500807D04 /* Build configuration list for PBXNativeTarget "RiskStoryBoardUITests" */;
			buildPhases = (
				B204896C297355D500807D04 /* Sources */,
				B204896D297355D500807D04 /* Frameworks */,
				B204896E297355D500807D04 /* Resources */,
			);
			buildRules = (
			);
			dependencies = (
				B2048972297355D500807D04 /* PBXTargetDependency */,
			);
			name = RiskStoryBoardUITests;
			productName = RiskStoryBoardUITests;
			productReference = B2048970297355D500807D04 /* RiskStoryBoardUITests.xctest */;
			productType = "com.apple.product-type.bundle.ui-testing";
		};
/* End PBXNativeTarget section */

/* Begin PBXProject section */
		B2048948297355D400807D04 /* Project object */ = {
			isa = PBXProject;
			attributes = {
				BuildIndependentTargetsInParallel = 1;
				LastSwiftUpdateCheck = 1420;
				LastUpgradeCheck = 1420;
				TargetAttributes = {
					B204894F297355D400807D04 = {
						CreatedOnToolsVersion = 14.2;
					};
					B2048965297355D500807D04 = {
						CreatedOnToolsVersion = 14.2;
						TestTargetID = B204894F297355D400807D04;
					};
					B204896F297355D500807D04 = {
						CreatedOnToolsVersion = 14.2;
						TestTargetID = B204894F297355D400807D04;
					};
				};
			};
			buildConfigurationList = B204894B297355D400807D04 /* Build configuration list for PBXProject "RiskStoryBoard" */;
			compatibilityVersion = "Xcode 14.0";
			developmentRegion = en;
			hasScannedForEncodings = 0;
			knownRegions = (
				en,
				Base,
			);
			mainGroup = B2048947297355D400807D04;
			productRefGroup = B2048951297355D400807D04 /* Products */;
			projectDirPath = "";
			projectRoot = "";
			targets = (
				B204894F297355D400807D04 /* RiskStoryBoard */,
				B2048965297355D500807D04 /* RiskStoryBoardTests */,
				B204896F297355D500807D04 /* RiskStoryBoardUITests */,
			);
		};
/* End PBXProject section */

/* Begin PBXResourcesBuildPhase section */
		B204894E297355D400807D04 /* Resources */ = {
			isa = PBXResourcesBuildPhase;
			buildActionMask = 2147483647;
			files = (
				B2048960297355D500807D04 /* LaunchScreen.storyboard in Resources */,
				B204895D297355D500807D04 /* Assets.xcassets in Resources */,
				B204895B297355D400807D04 /* Main.storyboard in Resources */,
			);
			runOnlyForDeploymentPostprocessing = 0;
		};
		B2048964297355D500807D04 /* Resources */ = {
			isa = PBXResourcesBuildPhase;
			buildActionMask = 2147483647;
			files = (
			);
			runOnlyForDeploymentPostprocessing = 0;
		};
		B204896E297355D500807D04 /* Resources */ = {
			isa = PBXResourcesBuildPhase;
			buildActionMask = 2147483647;
			files = (
			);
			runOnlyForDeploymentPostprocessing = 0;
		};
/* End PBXResourcesBuildPhase section */

/* Begin PBXSourcesBuildPhase section */
		B204894C297355D400807D04 /* Sources */ = {
			isa = PBXSourcesBuildPhase;
			buildActionMask = 2147483647;
			files = (
				B2048958297355D400807D04 /* ViewController.swift in Sources */,
				B2048954297355D400807D04 /* AppDelegate.swift in Sources */,
				B2048956297355D400807D04 /* SceneDelegate.swift in Sources */,
			);
			runOnlyForDeploymentPostprocessing = 0;
		};
		B2048962297355D500807D04 /* Sources */ = {
			isa = PBXSourcesBuildPhase;
			buildActionMask = 2147483647;
			files = (
				B204896B297355D500807D04 /* RiskStoryBoardTests.swift in Sources */,
			);
			runOnlyForDeploymentPostprocessing = 0;
		};
		B204896C297355D500807D04 /* Sources */ = {
			isa = PBXSourcesBuildPhase;
			buildActionMask = 2147483647;
			files = (
				B2048977297355D500807D04 /* RiskStoryBoardUITestsLaunchTests.swift in Sources */,
				B2048975297355D500807D04 /* RiskStoryBoardUITests.swift in Sources */,
			);
			runOnlyForDeploymentPostprocessing = 0;
		};
/* End PBXSourcesBuildPhase section */

/* Begin PBXTargetDependency section */
		B2048968297355D500807D04 /* PBXTargetDependency */ = {
			isa = PBXTargetDependency;
			target = B204894F297355D400807D04 /* RiskStoryBoard */;
			targetProxy = B2048967297355D500807D04 /* PBXContainerItemProxy */;
		};
		B2048972297355D500807D04 /* PBXTargetDependency */ = {
			isa = PBXTargetDependency;
			target = B204894F297355D400807D04 /* RiskStoryBoard */;
			targetProxy = B2048971297355D500807D04 /* PBXContainerItemProxy */;
		};
/* End PBXTargetDependency section */

/* Begin PBXVariantGroup section */
		B2048959297355D400807D04 /* Main.storyboard */ = {
			isa = PBXVariantGroup;
			children = (
				B204895A297355D400807D04 /* Base */,
			);
			name = Main.storyboard;
			sourceTree = "<group>";
		};
		B204895E297355D500807D04 /* LaunchScreen.storyboard */ = {
			isa = PBXVariantGroup;
			children = (
				B204895F297355D500807D04 /* Base */,
			);
			name = LaunchScreen.storyboard;
			sourceTree = "<group>";
		};
/* End PBXVariantGroup section */

/* Begin XCBuildConfiguration section */
		B2048978297355D500807D04 /* Debug */ = {
			isa = XCBuildConfiguration;
			buildSettings = {
				ALWAYS_SEARCH_USER_PATHS = NO;
				CLANG_ANALYZER_NONNULL = YES;
				CLANG_ANALYZER_NUMBER_OBJECT_CONVERSION = YES_AGGRESSIVE;
				CLANG_CXX_LANGUAGE_STANDARD = "gnu++20";
				CLANG_ENABLE_MODULES = YES;
				CLANG_ENABLE_OBJC_ARC = YES;
				CLANG_ENABLE_OBJC_WEAK = YES;
				CLANG_WARN_BLOCK_CAPTURE_AUTORELEASING = YES;
				CLANG_WARN_BOOL_CONVERSION = YES;
				CLANG_WARN_COMMA = YES;
				CLANG_WARN_CONSTANT_CONVERSION = YES;
				CLANG_WARN_DEPRECATED_OBJC_IMPLEMENTATIONS = YES;
				CLANG_WARN_DIRECT_OBJC_ISA_USAGE = YES_ERROR;
				CLANG_WARN_DOCUMENTATION_COMMENTS = YES;
				CLANG_WARN_EMPTY_BODY = YES;
				CLANG_WARN_ENUM_CONVERSION = YES;
				CLANG_WARN_INFINITE_RECURSION = YES;
				CLANG_WARN_INT_CONVERSION = YES;
				CLANG_WARN_NON_LITERAL_NULL_CONVERSION = YES;
				CLANG_WARN_OBJC_IMPLICIT_RETAIN_SELF = YES;
				CLANG_WARN_OBJC_LITERAL_CONVERSION = YES;
				CLANG_WARN_OBJC_ROOT_CLASS = YES_ERROR;
				CLANG_WARN_QUOTED_INCLUDE_IN_FRAMEWORK_HEADER = YES;
				CLANG_WARN_RANGE_LOOP_ANALYSIS = YES;
				CLANG_WARN_STRICT_PROTOTYPES = YES;
				CLANG_WARN_SUSPICIOUS_MOVE = YES;
				CLANG_WARN_UNGUARDED_AVAILABILITY = YES_AGGRESSIVE;
				CLANG_WARN_UNREACHABLE_CODE = YES;
				CLANG_WARN__DUPLICATE_METHOD_MATCH = YES;
				COPY_PHASE_STRIP = NO;
				DEBUG_INFORMATION_FORMAT = dwarf;
				ENABLE_STRICT_OBJC_MSGSEND = YES;
				ENABLE_TESTABILITY = YES;
				GCC_C_LANGUAGE_STANDARD = gnu11;
				GCC_DYNAMIC_NO_PIC = NO;
				GCC_NO_COMMON_BLOCKS = YES;
				GCC_OPTIMIZATION_LEVEL = 0;
				GCC_PREPROCESSOR_DEFINITIONS = (
					"DEBUG=1",
					"$(inherited)",
				);
				GCC_WARN_64_TO_32_BIT_CONVERSION = YES;
				GCC_WARN_ABOUT_RETURN_TYPE = YES_ERROR;
				GCC_WARN_UNDECLARED_SELECTOR = YES;
				GCC_WARN_UNINITIALIZED_AUTOS = YES_AGGRESSIVE;
				GCC_WARN_UNUSED_FUNCTION = YES;
				GCC_WARN_UNUSED_VARIABLE = YES;
				IPHONEOS_DEPLOYMENT_TARGET = 16.2;
				MTL_ENABLE_DEBUG_INFO = INCLUDE_SOURCE;
				MTL_FAST_MATH = YES;
				ONLY_ACTIVE_ARCH = YES;
				SDKROOT = iphoneos;
				SWIFT_ACTIVE_COMPILATION_CONDITIONS = DEBUG;
				SWIFT_OPTIMIZATION_LEVEL = "-Onone";
			};
			name = Debug;
		};
		B2048979297355D500807D04 /* Release */ = {
			isa = XCBuildConfiguration;
			buildSettings = {
				ALWAYS_SEARCH_USER_PATHS = NO;
				CLANG_ANALYZER_NONNULL = YES;
				CLANG_ANALYZER_NUMBER_OBJECT_CONVERSION = YES_AGGRESSIVE;
				CLANG_CXX_LANGUAGE_STANDARD = "gnu++20";
				CLANG_ENABLE_MODULES = YES;
				CLANG_ENABLE_OBJC_ARC = YES;
				CLANG_ENABLE_OBJC_WEAK = YES;
				CLANG_WARN_BLOCK_CAPTURE_AUTORELEASING = YES;
				CLANG_WARN_BOOL_CONVERSION = YES;
				CLANG_WARN_COMMA = YES;
				CLANG_WARN_CONSTANT_CONVERSION = YES;
				CLANG_WARN_DEPRECATED_OBJC_IMPLEMENTATIONS = YES;
				CLANG_WARN_DIRECT_OBJC_ISA_USAGE = YES_ERROR;
				CLANG_WARN_DOCUMENTATION_COMMENTS = YES;
				CLANG_WARN_EMPTY_BODY = YES;
				CLANG_WARN_ENUM_CONVERSION = YES;
				CLANG_WARN_INFINITE_RECURSION = YES;
				CLANG_WARN_INT_CONVERSION = YES;
				CLANG_WARN_NON_LITERAL_NULL_CONVERSION = YES;
				CLANG_WARN_OBJC_IMPLICIT_RETAIN_SELF = YES;
				CLANG_WARN_OBJC_LITERAL_CONVERSION = YES;
				CLANG_WARN_OBJC_ROOT_CLASS = YES_ERROR;
				CLANG_WARN_QUOTED_INCLUDE_IN_FRAMEWORK_HEADER = YES;
				CLANG_WARN_RANGE_LOOP_ANALYSIS = YES;
				CLANG_WARN_STRICT_PROTOTYPES = YES;
				CLANG_WARN_SUSPICIOUS_MOVE = YES;
				CLANG_WARN_UNGUARDED_AVAILABILITY = YES_AGGRESSIVE;
				CLANG_WARN_UNREACHABLE_CODE = YES;
				CLANG_WARN__DUPLICATE_METHOD_MATCH = YES;
				COPY_PHASE_STRIP = NO;
				DEBUG_INFORMATION_FORMAT = "dwarf-with-dsym";
				ENABLE_NS_ASSERTIONS = NO;
				ENABLE_STRICT_OBJC_MSGSEND = YES;
				GCC_C_LANGUAGE_STANDARD = gnu11;
				GCC_NO_COMMON_BLOCKS = YES;
				GCC_WARN_64_TO_32_BIT_CONVERSION = YES;
				GCC_WARN_ABOUT_RETURN_TYPE = YES_ERROR;
				GCC_WARN_UNDECLARED_SELECTOR = YES;
				GCC_WARN_UNINITIALIZED_AUTOS = YES_AGGRESSIVE;
				GCC_WARN_UNUSED_FUNCTION = YES;
				GCC_WARN_UNUSED_VARIABLE = YES;
				IPHONEOS_DEPLOYMENT_TARGET = 16.2;
				MTL_ENABLE_DEBUG_INFO = NO;
				MTL_FAST_MATH = YES;
				SDKROOT = iphoneos;
				SWIFT_COMPILATION_MODE = wholemodule;
				SWIFT_OPTIMIZATION_LEVEL = "-O";
				VALIDATE_PRODUCT = YES;
			};
			name = Release;
		};
		B204897B297355D500807D04 /* Debug */ = {
			isa = XCBuildConfiguration;
			buildSettings = {
				ASSETCATALOG_COMPILER_APPICON_NAME = AppIcon;
				ASSETCATALOG_COMPILER_GLOBAL_ACCENT_COLOR_NAME = AccentColor;
				CODE_SIGN_STYLE = Automatic;
				CURRENT_PROJECT_VERSION = 1;
				DEVELOPMENT_TEAM = 5X93CVHHYF;
				GENERATE_INFOPLIST_FILE = YES;
				INFOPLIST_FILE = RiskStoryBoard/Info.plist;
				INFOPLIST_KEY_UIApplicationSupportsIndirectInputEvents = YES;
				INFOPLIST_KEY_UILaunchStoryboardName = LaunchScreen;
				INFOPLIST_KEY_UIMainStoryboardFile = Main;
				INFOPLIST_KEY_UISupportedInterfaceOrientations_iPad = "UIInterfaceOrientationPortrait UIInterfaceOrientationPortraitUpsideDown UIInterfaceOrientationLandscapeLeft UIInterfaceOrientationLandscapeRight";
				INFOPLIST_KEY_UISupportedInterfaceOrientations_iPhone = "UIInterfaceOrientationPortrait UIInterfaceOrientationLandscapeLeft UIInterfaceOrientationLandscapeRight";
				LD_RUNPATH_SEARCH_PATHS = (
					"$(inherited)",
					"@executable_path/Frameworks",
				);
				MARKETING_VERSION = 1.0;
				PRODUCT_BUNDLE_IDENTIFIER = none.RiskStoryBoard;
				PRODUCT_NAME = "$(TARGET_NAME)";
				SWIFT_EMIT_LOC_STRINGS = YES;
				SWIFT_VERSION = 5.0;
				TARGETED_DEVICE_FAMILY = "1,2";
			};
			name = Debug;
		};
		B204897C297355D500807D04 /* Release */ = {
			isa = XCBuildConfiguration;
			buildSettings = {
				ASSETCATALOG_COMPILER_APPICON_NAME = AppIcon;
				ASSETCATALOG_COMPILER_GLOBAL_ACCENT_COLOR_NAME = AccentColor;
				CODE_SIGN_STYLE = Automatic;
				CURRENT_PROJECT_VERSION = 1;
				DEVELOPMENT_TEAM = 5X93CVHHYF;
				GENERATE_INFOPLIST_FILE = YES;
				INFOPLIST_FILE = RiskStoryBoard/Info.plist;
				INFOPLIST_KEY_UIApplicationSupportsIndirectInputEvents = YES;
				INFOPLIST_KEY_UILaunchStoryboardName = LaunchScreen;
				INFOPLIST_KEY_UIMainStoryboardFile = Main;
				INFOPLIST_KEY_UISupportedInterfaceOrientations_iPad = "UIInterfaceOrientationPortrait UIInterfaceOrientationPortraitUpsideDown UIInterfaceOrientationLandscapeLeft UIInterfaceOrientationLandscapeRight";
				INFOPLIST_KEY_UISupportedInterfaceOrientations_iPhone = "UIInterfaceOrientationPortrait UIInterfaceOrientationLandscapeLeft UIInterfaceOrientationLandscapeRight";
				LD_RUNPATH_SEARCH_PATHS = (
					"$(inherited)",
					"@executable_path/Frameworks",
				);
				MARKETING_VERSION = 1.0;
				PRODUCT_BUNDLE_IDENTIFIER = none.RiskStoryBoard;
				PRODUCT_NAME = "$(TARGET_NAME)";
				SWIFT_EMIT_LOC_STRINGS = YES;
				SWIFT_VERSION = 5.0;
				TARGETED_DEVICE_FAMILY = "1,2";
			};
			name = Release;
		};
		B204897E297355D500807D04 /* Debug */ = {
			isa = XCBuildConfiguration;
			buildSettings = {
				ALWAYS_EMBED_SWIFT_STANDARD_LIBRARIES = YES;
				BUNDLE_LOADER = "$(TEST_HOST)";
				CODE_SIGN_STYLE = Automatic;
				CURRENT_PROJECT_VERSION = 1;
				DEVELOPMENT_TEAM = 5X93CVHHYF;
				GENERATE_INFOPLIST_FILE = YES;
				IPHONEOS_DEPLOYMENT_TARGET = 16.2;
				MARKETING_VERSION = 1.0;
				PRODUCT_BUNDLE_IDENTIFIER = none.RiskStoryBoardTests;
				PRODUCT_NAME = "$(TARGET_NAME)";
				SWIFT_EMIT_LOC_STRINGS = NO;
				SWIFT_VERSION = 5.0;
				TARGETED_DEVICE_FAMILY = "1,2";
				TEST_HOST = "$(BUILT_PRODUCTS_DIR)/RiskStoryBoard.app/$(BUNDLE_EXECUTABLE_FOLDER_PATH)/RiskStoryBoard";
			};
			name = Debug;
		};
		B204897F297355D500807D04 /* Release */ = {
			isa = XCBuildConfiguration;
			buildSettings = {
				ALWAYS_EMBED_SWIFT_STANDARD_LIBRARIES = YES;
				BUNDLE_LOADER = "$(TEST_HOST)";
				CODE_SIGN_STYLE = Automatic;
				CURRENT_PROJECT_VERSION = 1;
				DEVELOPMENT_TEAM = 5X93CVHHYF;
				GENERATE_INFOPLIST_FILE = YES;
				IPHONEOS_DEPLOYMENT_TARGET = 16.2;
				MARKETING_VERSION = 1.0;
				PRODUCT_BUNDLE_IDENTIFIER = none.RiskStoryBoardTests;
				PRODUCT_NAME = "$(TARGET_NAME)";
				SWIFT_EMIT_LOC_STRINGS = NO;
				SWIFT_VERSION = 5.0;
				TARGETED_DEVICE_FAMILY = "1,2";
				TEST_HOST = "$(BUILT_PRODUCTS_DIR)/RiskStoryBoard.app/$(BUNDLE_EXECUTABLE_FOLDER_PATH)/RiskStoryBoard";
			};
			name = Release;
		};
		B2048981297355D500807D04 /* Debug */ = {
			isa = XCBuildConfiguration;
			buildSettings = {
				ALWAYS_EMBED_SWIFT_STANDARD_LIBRARIES = YES;
				CODE_SIGN_STYLE = Automatic;
				CURRENT_PROJECT_VERSION = 1;
				DEVELOPMENT_TEAM = 5X93CVHHYF;
				GENERATE_INFOPLIST_FILE = YES;
				MARKETING_VERSION = 1.0;
				PRODUCT_BUNDLE_IDENTIFIER = none.RiskStoryBoardUITests;
				PRODUCT_NAME = "$(TARGET_NAME)";
				SWIFT_EMIT_LOC_STRINGS = NO;
				SWIFT_VERSION = 5.0;
				TARGETED_DEVICE_FAMILY = "1,2";
				TEST_TARGET_NAME = RiskStoryBoard;
			};
			name = Debug;
		};
		B2048982297355D500807D04 /* Release */ = {
			isa = XCBuildConfiguration;
			buildSettings = {
				ALWAYS_EMBED_SWIFT_STANDARD_LIBRARIES = YES;
				CODE_SIGN_STYLE = Automatic;
				CURRENT_PROJECT_VERSION = 1;
				DEVELOPMENT_TEAM = 5X93CVHHYF;
				GENERATE_INFOPLIST_FILE = YES;
				MARKETING_VERSION = 1.0;
				PRODUCT_BUNDLE_IDENTIFIER = none.RiskStoryBoardUITests;
				PRODUCT_NAME = "$(TARGET_NAME)";
				SWIFT_EMIT_LOC_STRINGS = NO;
				SWIFT_VERSION = 5.0;
				TARGETED_DEVICE_FAMILY = "1,2";
				TEST_TARGET_NAME = RiskStoryBoard;
			};
			name = Release;
		};
/* End XCBuildConfiguration section */

/* Begin XCConfigurationList section */
		B204894B297355D400807D04 /* Build configuration list for PBXProject "RiskStoryBoard" */ = {
			isa = XCConfigurationList;
			buildConfigurations = (
				B2048978297355D500807D04 /* Debug */,
				B2048979297355D500807D04 /* Release */,
			);
			defaultConfigurationIsVisible = 0;
			defaultConfigurationName = Release;
		};
		B204897A297355D500807D04 /* Build configuration list for PBXNativeTarget "RiskStoryBoard" */ = {
			isa = XCConfigurationList;
			buildConfigurations = (
				B204897B297355D500807D04 /* Debug */,
				B204897C297355D500807D04 /* Release */,
			);
			defaultConfigurationIsVisible = 0;
			defaultConfigurationName = Release;
		};
		B204897D297355D500807D04 /* Build configuration list for PBXNativeTarget "RiskStoryBoardTests" */ = {
			isa = XCConfigurationList;
			buildConfigurations = (
				B204897E297355D500807D04 /* Debug */,
				B204897F297355D500807D04 /* Release */,
			);
			defaultConfigurationIsVisible = 0;
			defaultConfigurationName = Release;
		};
		B2048980297355D500807D04 /* Build configuration list for PBXNativeTarget "RiskStoryBoardUITests" */ = {
			isa = XCConfigurationList;
			buildConfigurations = (
				B2048981297355D500807D04 /* Debug */,
				B2048982297355D500807D04 /* Release */,
			);
			defaultConfigurationIsVisible = 0;
			defaultConfigurationName = Release;
		};
/* End XCConfigurationList section */
	};
	rootObject = B2048948297355D400807D04 /* Project object */;
}
